
Microsoft Visual Studio Solution File, Format Version 12.00
# Visual Studio 15
VisualStudioVersion = 15.0.27004.2009
MinimumVisualStudioVersion = 10.0.40219.1
Project("{FAE04EC0-301F-11D3-BF4B-00C04F79EFBC}") = "Guess The Number", "Guess The Number\Guess The Number.csproj", "{5FD6ECA1-71B2-4D96-B860-08AA965A677B}"
EndProject
Global
	GlobalSection(SolutionConfigurationPlatforms) = preSolution
		Debug|Any CPU = Debug|Any CPU
		Release|Any CPU = Release|Any CPU
	EndGlobalSection
	GlobalSection(ProjectConfigurationPlatforms) = postSolution
		{5FD6ECA1-71B2-4D96-B860-08AA965A677B}.Debug|Any CPU.ActiveCfg = Debug|Any CPU
		{5FD6ECA1-71B2-4D96-B860-08AA965A677B}.Debug|Any CPU.Build.0 = Debug|Any CPU
		{5FD6ECA1-71B2-4D96-B860-08AA965A677B}.Release|Any CPU.ActiveCfg = Release|Any CPU
		{5FD6ECA1-71B2-4D96-B860-08AA965A677B}.Release|Any CPU.Build.0 = Release|Any CPU
	EndGlobalSection
	GlobalSection(SolutionProperties) = preSolution
		HideSolutionNode = FALSE
	EndGlobalSection
	GlobalSection(ExtensibilityGlobals) = postSolution
		SolutionGuid = {9BF434F5-2300-44A0-AB0F-5B5AB8A64572}
	EndGlobalSection
EndGlobal
